// !$*UTF8*$!
{
	archiveVersion = 1;
	classes = {
	};
	objectVersion = 56;
	objects = {

/* Begin PBXBuildFile section */
		89C6F6F929FABED500F732B5 /* HoneymoonApp.swift in Sources */ = {isa = PBXBuildFile; fileRef = 89C6F6F829FABED500F732B5 /* HoneymoonApp.swift */; };
		89C6F6FB29FABED500F732B5 /* ContentView.swift in Sources */ = {isa = PBXBuildFile; fileRef = 89C6F6FA29FABED500F732B5 /* ContentView.swift */; };
		89C6F6FD29FABED700F732B5 /* Assets.xcassets in Resources */ = {isa = PBXBuildFile; fileRef = 89C6F6FC29FABED700F732B5 /* Assets.xcassets */; };
		89C6F70029FABED700F732B5 /* Preview Assets.xcassets in Resources */ = {isa = PBXBuildFile; fileRef = 89C6F6FF29FABED700F732B5 /* Preview Assets.xcassets */; };
		89C6F70C29FABFC700F732B5 /* Sounds in Resources */ = {isa = PBXBuildFile; fileRef = 89C6F70B29FABFC700F732B5 /* Sounds */; };
		89C6F70E29FAC00B00F732B5 /* LaunchScreen.storyboard in Resources */ = {isa = PBXBuildFile; fileRef = 89C6F70D29FAC00B00F732B5 /* LaunchScreen.storyboard */; };
		89C6F71029FAC12000F732B5 /* HoneymoonModel.swift in Sources */ = {isa = PBXBuildFile; fileRef = 89C6F70F29FAC12000F732B5 /* HoneymoonModel.swift */; };
		89C6F71329FAC22900F732B5 /* HoneymoonData.swift in Sources */ = {isa = PBXBuildFile; fileRef = 89C6F71229FAC22900F732B5 /* HoneymoonData.swift */; };
		89C6F71729FAC28A00F732B5 /* CardView.swift in Sources */ = {isa = PBXBuildFile; fileRef = 89C6F71629FAC28A00F732B5 /* CardView.swift */; };
		89C6F71929FAC43A00F732B5 /* HeaderView.swift in Sources */ = {isa = PBXBuildFile; fileRef = 89C6F71829FAC43A00F732B5 /* HeaderView.swift */; };
		89C6F71B29FBE93C00F732B5 /* FooterView.swift in Sources */ = {isa = PBXBuildFile; fileRef = 89C6F71A29FBE93C00F732B5 /* FooterView.swift */; };
		89C6F71E29FBEA4500F732B5 /* HeaderComponent.swift in Sources */ = {isa = PBXBuildFile; fileRef = 89C6F71D29FBEA4500F732B5 /* HeaderComponent.swift */; };
		89C6F72029FBEAA000F732B5 /* GuideComponent.swift in Sources */ = {isa = PBXBuildFile; fileRef = 89C6F71F29FBEAA000F732B5 /* GuideComponent.swift */; };
		89C6F72229FBEBE200F732B5 /* GuideView.swift in Sources */ = {isa = PBXBuildFile; fileRef = 89C6F72129FBEBE200F732B5 /* GuideView.swift */; };
		89C6F7242A028F6700F732B5 /* InfoView.swift in Sources */ = {isa = PBXBuildFile; fileRef = 89C6F7232A028F6700F732B5 /* InfoView.swift */; };
		89C6F7262A028FEF00F732B5 /* TitleModifier.swift in Sources */ = {isa = PBXBuildFile; fileRef = 89C6F7252A028FEF00F732B5 /* TitleModifier.swift */; };
		89C6F7292A0290F300F732B5 /* ButtonModifier.swift in Sources */ = {isa = PBXBuildFile; fileRef = 89C6F7282A0290F300F732B5 /* ButtonModifier.swift */; };
/* End PBXBuildFile section */

/* Begin PBXFileReference section */
		89C6F6F529FABED500F732B5 /* Honeymoon.app */ = {isa = PBXFileReference; explicitFileType = wrapper.application; includeInIndex = 0; path = Honeymoon.app; sourceTree = BUILT_PRODUCTS_DIR; };
		89C6F6F829FABED500F732B5 /* HoneymoonApp.swift */ = {isa = PBXFileReference; lastKnownFileType = sourcecode.swift; path = HoneymoonApp.swift; sourceTree = "<group>"; };
		89C6F6FA29FABED500F732B5 /* ContentView.swift */ = {isa = PBXFileReference; lastKnownFileType = sourcecode.swift; path = ContentView.swift; sourceTree = "<group>"; };
		89C6F6FC29FABED700F732B5 /* Assets.xcassets */ = {isa = PBXFileReference; lastKnownFileType = folder.assetcatalog; path = Assets.xcassets; sourceTree = "<group>"; };
		89C6F6FF29FABED700F732B5 /* Preview Assets.xcassets */ = {isa = PBXFileReference; lastKnownFileType = folder.assetcatalog; path = "Preview Assets.xcassets"; sourceTree = "<group>"; };
		89C6F70B29FABFC700F732B5 /* Sounds */ = {isa = PBXFileReference; lastKnownFileType = folder; path = Sounds; sourceTree = "<group>"; };
		89C6F70D29FAC00B00F732B5 /* LaunchScreen.storyboard */ = {isa = PBXFileReference; lastKnownFileType = file.storyboard; path = LaunchScreen.storyboard; sourceTree = "<group>"; };
		89C6F70F29FAC12000F732B5 /* HoneymoonModel.swift */ = {isa = PBXFileReference; lastKnownFileType = sourcecode.swift; path = HoneymoonModel.swift; sourceTree = "<group>"; };
		89C6F71229FAC22900F732B5 /* HoneymoonData.swift */ = {isa = PBXFileReference; lastKnownFileType = sourcecode.swift; path = HoneymoonData.swift; sourceTree = "<group>"; };
		89C6F71629FAC28A00F732B5 /* CardView.swift */ = {isa = PBXFileReference; lastKnownFileType = sourcecode.swift; path = CardView.swift; sourceTree = "<group>"; };
		89C6F71829FAC43A00F732B5 /* HeaderView.swift */ = {isa = PBXFileReference; lastKnownFileType = sourcecode.swift; path = HeaderView.swift; sourceTree = "<group>"; };
		89C6F71A29FBE93C00F732B5 /* FooterView.swift */ = {isa = PBXFileReference; lastKnownFileType = sourcecode.swift; path = FooterView.swift; sourceTree = "<group>"; };
		89C6F71D29FBEA4500F732B5 /* HeaderComponent.swift */ = {isa = PBXFileReference; lastKnownFileType = sourcecode.swift; path = HeaderComponent.swift; sourceTree = "<group>"; };
		89C6F71F29FBEAA000F732B5 /* GuideComponent.swift */ = {isa = PBXFileReference; lastKnownFileType = sourcecode.swift; path = GuideComponent.swift; sourceTree = "<group>"; };
		89C6F72129FBEBE200F732B5 /* GuideView.swift */ = {isa = PBXFileReference; lastKnownFileType = sourcecode.swift; path = GuideView.swift; sourceTree = "<group>"; };
		89C6F7232A028F6700F732B5 /* InfoView.swift */ = {isa = PBXFileReference; lastKnownFileType = sourcecode.swift; path = InfoView.swift; sourceTree = "<group>"; };
		89C6F7252A028FEF00F732B5 /* TitleModifier.swift */ = {isa = PBXFileReference; lastKnownFileType = sourcecode.swift; path = TitleModifier.swift; sourceTree = "<group>"; };
		89C6F7282A0290F300F732B5 /* ButtonModifier.swift */ = {isa = PBXFileReference; lastKnownFileType = sourcecode.swift; path = ButtonModifier.swift; sourceTree = "<group>"; };
/* End PBXFileReference section */

/* Begin PBXFrameworksBuildPhase section */
		89C6F6F229FABED500F732B5 /* Frameworks */ = {
			isa = PBXFrameworksBuildPhase;
			buildActionMask = 2147483647;
			files = (
			);
			runOnlyForDeploymentPostprocessing = 0;
		};
/* End PBXFrameworksBuildPhase section */

/* Begin PBXGroup section */
		89C6F6EC29FABED500F732B5 = {
			isa = PBXGroup;
			children = (
				89C6F6F729FABED500F732B5 /* Honeymoon */,
				89C6F6F629FABED500F732B5 /* Products */,
			);
			sourceTree = "<group>";
		};
		89C6F6F629FABED500F732B5 /* Products */ = {
			isa = PBXGroup;
			children = (
				89C6F6F529FABED500F732B5 /* Honeymoon.app */,
			);
			name = Products;
			sourceTree = "<group>";
		};
		89C6F6F729FABED500F732B5 /* Honeymoon */ = {
			isa = PBXGroup;
			children = (
				89C6F6FC29FABED700F732B5 /* Assets.xcassets */,
				89C6F71C29FBEA3000F732B5 /* Component */,
				89C6F71429FAC22C00F732B5 /* Data */,
				89C6F6F829FABED500F732B5 /* HoneymoonApp.swift */,
				89C6F70D29FAC00B00F732B5 /* LaunchScreen.storyboard */,
				89C6F71129FAC12900F732B5 /* Model */,
				89C6F7272A02900C00F732B5 /* Modifier */,
				89C6F6FE29FABED700F732B5 /* Preview Content */,
				89C6F70B29FABFC700F732B5 /* Sounds */,
				89C6F71529FAC27400F732B5 /* View */,
			);
			path = Honeymoon;
			sourceTree = "<group>";
		};
		89C6F6FE29FABED700F732B5 /* Preview Content */ = {
			isa = PBXGroup;
			children = (
				89C6F6FF29FABED700F732B5 /* Preview Assets.xcassets */,
			);
			path = "Preview Content";
			sourceTree = "<group>";
		};
		89C6F71129FAC12900F732B5 /* Model */ = {
			isa = PBXGroup;
			children = (
				89C6F70F29FAC12000F732B5 /* HoneymoonModel.swift */,
			);
			path = Model;
			sourceTree = "<group>";
		};
		89C6F71429FAC22C00F732B5 /* Data */ = {
			isa = PBXGroup;
			children = (
				89C6F71229FAC22900F732B5 /* HoneymoonData.swift */,
			);
			path = Data;
			sourceTree = "<group>";
		};
		89C6F71529FAC27400F732B5 /* View */ = {
			isa = PBXGroup;
			children = (
				89C6F6FA29FABED500F732B5 /* ContentView.swift */,
				89C6F71629FAC28A00F732B5 /* CardView.swift */,
				89C6F71829FAC43A00F732B5 /* HeaderView.swift */,
				89C6F71A29FBE93C00F732B5 /* FooterView.swift */,
				89C6F72129FBEBE200F732B5 /* GuideView.swift */,
				89C6F7232A028F6700F732B5 /* InfoView.swift */,
			);
			path = View;
			sourceTree = "<group>";
		};
		89C6F71C29FBEA3000F732B5 /* Component */ = {
			isa = PBXGroup;
			children = (
				89C6F71D29FBEA4500F732B5 /* HeaderComponent.swift */,
				89C6F71F29FBEAA000F732B5 /* GuideComponent.swift */,
			);
			path = Component;
			sourceTree = "<group>";
		};
		89C6F7272A02900C00F732B5 /* Modifier */ = {
			isa = PBXGroup;
			children = (
				89C6F7252A028FEF00F732B5 /* TitleModifier.swift */,
				89C6F7282A0290F300F732B5 /* ButtonModifier.swift */,
			);
			path = Modifier;
			sourceTree = "<group>";
		};
/* End PBXGroup section */

/* Begin PBXNativeTarget section */
		89C6F6F429FABED500F732B5 /* Honeymoon */ = {
			isa = PBXNativeTarget;
			buildConfigurationList = 89C6F70829FABED700F732B5 /* Build configuration list for PBXNativeTarget "Honeymoon" */;
			buildPhases = (
				89C6F6F129FABED500F732B5 /* Sources */,
				89C6F6F229FABED500F732B5 /* Frameworks */,
				89C6F6F329FABED500F732B5 /* Resources */,
			);
			buildRules = (
			);
			dependencies = (
			);
			name = Honeymoon;
			productName = Honeymoon;
			productReference = 89C6F6F529FABED500F732B5 /* Honeymoon.app */;
			productType = "com.apple.product-type.application";
		};
/* End PBXNativeTarget section */

/* Begin PBXProject section */
		89C6F6ED29FABED500F732B5 /* Project object */ = {
			isa = PBXProject;
			attributes = {
				BuildIndependentTargetsInParallel = 1;
				LastSwiftUpdateCheck = 1400;
				LastUpgradeCheck = 1400;
				TargetAttributes = {
					89C6F6F429FABED500F732B5 = {
						CreatedOnToolsVersion = 14.0.1;
					};
				};
			};
			buildConfigurationList = 89C6F6F029FABED500F732B5 /* Build configuration list for PBXProject "Honeymoon" */;
			compatibilityVersion = "Xcode 14.0";
			developmentRegion = en;
			hasScannedForEncodings = 0;
			knownRegions = (
				en,
				Base,
			);
			mainGroup = 89C6F6EC29FABED500F732B5;
			productRefGroup = 89C6F6F629FABED500F732B5 /* Products */;
			projectDirPath = "";
			projectRoot = "";
			targets = (
				89C6F6F429FABED500F732B5 /* Honeymoon */,
			);
		};
/* End PBXProject section */

/* Begin PBXResourcesBuildPhase section */
		89C6F6F329FABED500F732B5 /* Resources */ = {
			isa = PBXResourcesBuildPhase;
			buildActionMask = 2147483647;
			files = (
				89C6F70C29FABFC700F732B5 /* Sounds in Resources */,
				89C6F70E29FAC00B00F732B5 /* LaunchScreen.storyboard in Resources */,
				89C6F70029FABED700F732B5 /* Preview Assets.xcassets in Resources */,
				89C6F6FD29FABED700F732B5 /* Assets.xcassets in Resources */,
			);
			runOnlyForDeploymentPostprocessing = 0;
		};
/* End PBXResourcesBuildPhase section */

/* Begin PBXSourcesBuildPhase section */
		89C6F6F129FABED500F732B5 /* Sources */ = {
			isa = PBXSourcesBuildPhase;
			buildActionMask = 2147483647;
			files = (
				89C6F71329FAC22900F732B5 /* HoneymoonData.swift in Sources */,
				89C6F7242A028F6700F732B5 /* InfoView.swift in Sources */,
				89C6F71B29FBE93C00F732B5 /* FooterView.swift in Sources */,
				89C6F7262A028FEF00F732B5 /* TitleModifier.swift in Sources */,
				89C6F71929FAC43A00F732B5 /* HeaderView.swift in Sources */,
				89C6F6FB29FABED500F732B5 /* ContentView.swift in Sources */,
				89C6F7292A0290F300F732B5 /* ButtonModifier.swift in Sources */,
				89C6F71E29FBEA4500F732B5 /* HeaderComponent.swift in Sources */,
				89C6F6F929FABED500F732B5 /* HoneymoonApp.swift in Sources */,
				89C6F71029FAC12000F732B5 /* HoneymoonModel.swift in Sources */,
				89C6F71729FAC28A00F732B5 /* CardView.swift in Sources */,
				89C6F72029FBEAA000F732B5 /* GuideComponent.swift in Sources */,
				89C6F72229FBEBE200F732B5 /* GuideView.swift in Sources */,
			);
			runOnlyForDeploymentPostprocessing = 0;
		};
/* End PBXSourcesBuildPhase section */

/* Begin XCBuildConfiguration section */
		89C6F70629FABED700F732B5 /* Debug */ = {
			isa = XCBuildConfiguration;
			buildSettings = {
				ALWAYS_SEARCH_USER_PATHS = NO;
				CLANG_ANALYZER_NONNULL = YES;
				CLANG_ANALYZER_NUMBER_OBJECT_CONVERSION = YES_AGGRESSIVE;
				CLANG_CXX_LANGUAGE_STANDARD = "gnu++20";
				CLANG_ENABLE_MODULES = YES;
				CLANG_ENABLE_OBJC_ARC = YES;
				CLANG_ENABLE_OBJC_WEAK = YES;
				CLANG_WARN_BLOCK_CAPTURE_AUTORELEASING = YES;
				CLANG_WARN_BOOL_CONVERSION = YES;
				CLANG_WARN_COMMA = YES;
				CLANG_WARN_CONSTANT_CONVERSION = YES;
				CLANG_WARN_DEPRECATED_OBJC_IMPLEMENTATIONS = YES;
				CLANG_WARN_DIRECT_OBJC_ISA_USAGE = YES_ERROR;
				CLANG_WARN_DOCUMENTATION_COMMENTS = YES;
				CLANG_WARN_EMPTY_BODY = YES;
				CLANG_WARN_ENUM_CONVERSION = YES;
				CLANG_WARN_INFINITE_RECURSION = YES;
				CLANG_WARN_INT_CONVERSION = YES;
				CLANG_WARN_NON_LITERAL_NULL_CONVERSION = YES;
				CLANG_WARN_OBJC_IMPLICIT_RETAIN_SELF = YES;
				CLANG_WARN_OBJC_LITERAL_CONVERSION = YES;
				CLANG_WARN_OBJC_ROOT_CLASS = YES_ERROR;
				CLANG_WARN_QUOTED_INCLUDE_IN_FRAMEWORK_HEADER = YES;
				CLANG_WARN_RANGE_LOOP_ANALYSIS = YES;
				CLANG_WARN_STRICT_PROTOTYPES = YES;
				CLANG_WARN_SUSPICIOUS_MOVE = YES;
				CLANG_WARN_UNGUARDED_AVAILABILITY = YES_AGGRESSIVE;
				CLANG_WARN_UNREACHABLE_CODE = YES;
				CLANG_WARN__DUPLICATE_METHOD_MATCH = YES;
				COPY_PHASE_STRIP = NO;
				DEBUG_INFORMATION_FORMAT = dwarf;
				ENABLE_STRICT_OBJC_MSGSEND = YES;
				ENABLE_TESTABILITY = YES;
				GCC_C_LANGUAGE_STANDARD = gnu11;
				GCC_DYNAMIC_NO_PIC = NO;
				GCC_NO_COMMON_BLOCKS = YES;
				GCC_OPTIMIZATION_LEVEL = 0;
				GCC_PREPROCESSOR_DEFINITIONS = (
					"DEBUG=1",
					"$(inherited)",
				);
				GCC_WARN_64_TO_32_BIT_CONVERSION = YES;
				GCC_WARN_ABOUT_RETURN_TYPE = YES_ERROR;
				GCC_WARN_UNDECLARED_SELECTOR = YES;
				GCC_WARN_UNINITIALIZED_AUTOS = YES_AGGRESSIVE;
				GCC_WARN_UNUSED_FUNCTION = YES;
				GCC_WARN_UNUSED_VARIABLE = YES;
				IPHONEOS_DEPLOYMENT_TARGET = 16.0;
				MTL_ENABLE_DEBUG_INFO = INCLUDE_SOURCE;
				MTL_FAST_MATH = YES;
				ONLY_ACTIVE_ARCH = YES;
				SDKROOT = iphoneos;
				SWIFT_ACTIVE_COMPILATION_CONDITIONS = DEBUG;
				SWIFT_OPTIMIZATION_LEVEL = "-Onone";
			};
			name = Debug;
		};
		89C6F70729FABED700F732B5 /* Release */ = {
			isa = XCBuildConfiguration;
			buildSettings = {
				ALWAYS_SEARCH_USER_PATHS = NO;
				CLANG_ANALYZER_NONNULL = YES;
				CLANG_ANALYZER_NUMBER_OBJECT_CONVERSION = YES_AGGRESSIVE;
				CLANG_CXX_LANGUAGE_STANDARD = "gnu++20";
				CLANG_ENABLE_MODULES = YES;
				CLANG_ENABLE_OBJC_ARC = YES;
				CLANG_ENABLE_OBJC_WEAK = YES;
				CLANG_WARN_BLOCK_CAPTURE_AUTORELEASING = YES;
				CLANG_WARN_BOOL_CONVERSION = YES;
				CLANG_WARN_COMMA = YES;
				CLANG_WARN_CONSTANT_CONVERSION = YES;
				CLANG_WARN_DEPRECATED_OBJC_IMPLEMENTATIONS = YES;
				CLANG_WARN_DIRECT_OBJC_ISA_USAGE = YES_ERROR;
				CLANG_WARN_DOCUMENTATION_COMMENTS = YES;
				CLANG_WARN_EMPTY_BODY = YES;
				CLANG_WARN_ENUM_CONVERSION = YES;
				CLANG_WARN_INFINITE_RECURSION = YES;
				CLANG_WARN_INT_CONVERSION = YES;
				CLANG_WARN_NON_LITERAL_NULL_CONVERSION = YES;
				CLANG_WARN_OBJC_IMPLICIT_RETAIN_SELF = YES;
				CLANG_WARN_OBJC_LITERAL_CONVERSION = YES;
				CLANG_WARN_OBJC_ROOT_CLASS = YES_ERROR;
				CLANG_WARN_QUOTED_INCLUDE_IN_FRAMEWORK_HEADER = YES;
				CLANG_WARN_RANGE_LOOP_ANALYSIS = YES;
				CLANG_WARN_STRICT_PROTOTYPES = YES;
				CLANG_WARN_SUSPICIOUS_MOVE = YES;
				CLANG_WARN_UNGUARDED_AVAILABILITY = YES_AGGRESSIVE;
				CLANG_WARN_UNREACHABLE_CODE = YES;
				CLANG_WARN__DUPLICATE_METHOD_MATCH = YES;
				COPY_PHASE_STRIP = NO;
				DEBUG_INFORMATION_FORMAT = "dwarf-with-dsym";
				ENABLE_NS_ASSERTIONS = NO;
				ENABLE_STRICT_OBJC_MSGSEND = YES;
				GCC_C_LANGUAGE_STANDARD = gnu11;
				GCC_NO_COMMON_BLOCKS = YES;
				GCC_WARN_64_TO_32_BIT_CONVERSION = YES;
				GCC_WARN_ABOUT_RETURN_TYPE = YES_ERROR;
				GCC_WARN_UNDECLARED_SELECTOR = YES;
				GCC_WARN_UNINITIALIZED_AUTOS = YES_AGGRESSIVE;
				GCC_WARN_UNUSED_FUNCTION = YES;
				GCC_WARN_UNUSED_VARIABLE = YES;
				IPHONEOS_DEPLOYMENT_TARGET = 16.0;
				MTL_ENABLE_DEBUG_INFO = NO;
				MTL_FAST_MATH = YES;
				SDKROOT = iphoneos;
				SWIFT_COMPILATION_MODE = wholemodule;
				SWIFT_OPTIMIZATION_LEVEL = "-O";
				VALIDATE_PRODUCT = YES;
			};
			name = Release;
		};
		89C6F70929FABED700F732B5 /* Debug */ = {
			isa = XCBuildConfiguration;
			buildSettings = {
				ASSETCATALOG_COMPILER_APPICON_NAME = AppIcon;
				ASSETCATALOG_COMPILER_GLOBAL_ACCENT_COLOR_NAME = AccentColor;
				CODE_SIGN_STYLE = Automatic;
				CURRENT_PROJECT_VERSION = 1;
				DEVELOPMENT_ASSET_PATHS = "\"Honeymoon/Preview Content\"";
				ENABLE_PREVIEWS = YES;
				GENERATE_INFOPLIST_FILE = YES;
				INFOPLIST_KEY_UIApplicationSceneManifest_Generation = YES;
				INFOPLIST_KEY_UIApplicationSupportsIndirectInputEvents = YES;
				INFOPLIST_KEY_UILaunchScreen_Generation = YES;
				INFOPLIST_KEY_UILaunchStoryboardName = LaunchScreen.storyboard;
				INFOPLIST_KEY_UISupportedInterfaceOrientations = UIInterfaceOrientationPortrait;
				LD_RUNPATH_SEARCH_PATHS = (
					"$(inherited)",
					"@executable_path/Frameworks",
				);
				MARKETING_VERSION = 1.0;
				PRODUCT_BUNDLE_IDENTIFIER = carvalhofroesrafa.Honeymoon;
				PRODUCT_NAME = "$(TARGET_NAME)";
				SWIFT_EMIT_LOC_STRINGS = YES;
				SWIFT_VERSION = 5.0;
				TARGETED_DEVICE_FAMILY = "1,2";
			};
			name = Debug;
		};
		89C6F70A29FABED700F732B5 /* Release */ = {
			isa = XCBuildConfiguration;
			buildSettings = {
				ASSETCATALOG_COMPILER_APPICON_NAME = AppIcon;
				ASSETCATALOG_COMPILER_GLOBAL_ACCENT_COLOR_NAME = AccentColor;
				CODE_SIGN_STYLE = Automatic;
				CURRENT_PROJECT_VERSION = 1;
				DEVELOPMENT_ASSET_PATHS = "\"Honeymoon/Preview Content\"";
				ENABLE_PREVIEWS = YES;
				GENERATE_INFOPLIST_FILE = YES;
				INFOPLIST_KEY_UIApplicationSceneManifest_Generation = YES;
				INFOPLIST_KEY_UIApplicationSupportsIndirectInputEvents = YES;
				INFOPLIST_KEY_UILaunchScreen_Generation = YES;
				INFOPLIST_KEY_UILaunchStoryboardName = LaunchScreen.storyboard;
				INFOPLIST_KEY_UISupportedInterfaceOrientations = UIInterfaceOrientationPortrait;
				LD_RUNPATH_SEARCH_PATHS = (
					"$(inherited)",
					"@executable_path/Frameworks",
				);
				MARKETING_VERSION = 1.0;
				PRODUCT_BUNDLE_IDENTIFIER = carvalhofroesrafa.Honeymoon;
				PRODUCT_NAME = "$(TARGET_NAME)";
				SWIFT_EMIT_LOC_STRINGS = YES;
				SWIFT_VERSION = 5.0;
				TARGETED_DEVICE_FAMILY = "1,2";
			};
			name = Release;
		};
/* End XCBuildConfiguration section */

/* Begin XCConfigurationList section */
		89C6F6F029FABED500F732B5 /* Build configuration list for PBXProject "Honeymoon" */ = {
			isa = XCConfigurationList;
			buildConfigurations = (
				89C6F70629FABED700F732B5 /* Debug */,
				89C6F70729FABED700F732B5 /* Release */,
			);
			defaultConfigurationIsVisible = 0;
			defaultConfigurationName = Release;
		};
		89C6F70829FABED700F732B5 /* Build configuration list for PBXNativeTarget "Honeymoon" */ = {
			isa = XCConfigurationList;
			buildConfigurations = (
				89C6F70929FABED700F732B5 /* Debug */,
				89C6F70A29FABED700F732B5 /* Release */,
			);
			defaultConfigurationIsVisible = 0;
			defaultConfigurationName = Release;
		};
/* End XCConfigurationList section */
	};
	rootObject = 89C6F6ED29FABED500F732B5 /* Project object */;
}
